
Microsoft Visual Studio Solution File, Format Version 12.00
# Visual Studio Version 17
VisualStudioVersion = 17.11.35327.3
MinimumVisualStudioVersion = 10.0.40219.1
Project("{FAE04EC0-301F-11D3-BF4B-00C04F79EFBC}") = "developmentSpace1", "developmentSpace1\developmentSpace1.csproj", "{7F197851-2280-4281-ABBE-6FAAED134AAE}"
EndProject
Global
	GlobalSection(SolutionConfigurationPlatforms) = preSolution
		Debug|Any CPU = Debug|Any CPU
		Release|Any CPU = Release|Any CPU
	EndGlobalSection
	GlobalSection(ProjectConfigurationPlatforms) = postSolution
		{7F197851-2280-4281-ABBE-6FAAED134AAE}.Debug|Any CPU.ActiveCfg = Debug|Any CPU
		{7F197851-2280-4281-ABBE-6FAAED134AAE}.Debug|Any CPU.Build.0 = Debug|Any CPU
		{7F197851-2280-4281-ABBE-6FAAED134AAE}.Release|Any CPU.ActiveCfg = Release|Any CPU
		{7F197851-2280-4281-ABBE-6FAAED134AAE}.Release|Any CPU.Build.0 = Release|Any CPU
	EndGlobalSection
	GlobalSection(SolutionProperties) = preSolution
		HideSolutionNode = FALSE
	EndGlobalSection
	GlobalSection(ExtensibilityGlobals) = postSolution
		SolutionGuid = {B71B1845-87ED-4477-B743-FEF82229F6EB}
	EndGlobalSection
EndGlobal
